
Microsoft Visual Studio Solution File, Format Version 12.00
# Visual Studio Version 17
VisualStudioVersion = 17.9.34622.214
MinimumVisualStudioVersion = 10.0.40219.1
Project("{2150E333-8FDC-42A3-9474-1A3956D46DE8}") = "src", "src", "{56523376-E029-4BED-925D-346ADF29362E}"
	ProjectSection(SolutionItems) = preProject
		TextFile1.txt = TextFile1.txt
	EndProjectSection
EndProject
Project("{2150E333-8FDC-42A3-9474-1A3956D46DE8}") = "Core", "Core", "{CDBFD87B-C241-4675-92A0-A7406E9C10D2}"
EndProject
Project("{2150E333-8FDC-42A3-9474-1A3956D46DE8}") = "Infrastructure", "Infrastructure", "{5D055060-3FAB-4375-8833-C51454BE8273}"
EndProject
Project("{2150E333-8FDC-42A3-9474-1A3956D46DE8}") = "Presentation", "Presentation", "{A7528589-E8BF-40FD-80FD-79E55D19EB4A}"
EndProject
Project("{9A19103F-16F7-4668-BE54-9A1E7A4F7556}") = "Furniture.Application", "src\Core\Furniture.Application\Furniture.Application.csproj", "{677AF468-D670-4C49-94B2-1C1B091B386B}"
EndProject
Project("{9A19103F-16F7-4668-BE54-9A1E7A4F7556}") = "Furniture.Domain", "src\Core\Furniture.Domain\Furniture.Domain.csproj", "{8228E1F1-1CE0-4A06-BEF6-1F9AA415EC9D}"
EndProject
Project("{9A19103F-16F7-4668-BE54-9A1E7A4F7556}") = "Furniture.Persistance", "src\Persistance\Furniture.Persistance\Furniture.Persistance.csproj", "{ED4EFF90-D080-4A76-9C5C-83C8F806D23E}"
EndProject
Project("{9A19103F-16F7-4668-BE54-9A1E7A4F7556}") = "Furniture.WebAPI", "src\Presentation\Furniture.WebAPI\Furniture.WebAPI.csproj", "{F93CEFAF-13FE-4269-BB25-B555E5144D48}"
EndProject
Project("{9A19103F-16F7-4668-BE54-9A1E7A4F7556}") = "Furniture.WebUI", "src\Presentation\Furniture.WebUI\Furniture.WebUI.csproj", "{46177EAC-6351-499A-AEFC-5BC53F8F367D}"
EndProject
Global
	GlobalSection(SolutionConfigurationPlatforms) = preSolution
		Debug|Any CPU = Debug|Any CPU
		Release|Any CPU = Release|Any CPU
	EndGlobalSection
	GlobalSection(ProjectConfigurationPlatforms) = postSolution
		{677AF468-D670-4C49-94B2-1C1B091B386B}.Debug|Any CPU.ActiveCfg = Debug|Any CPU
		{677AF468-D670-4C49-94B2-1C1B091B386B}.Debug|Any CPU.Build.0 = Debug|Any CPU
		{677AF468-D670-4C49-94B2-1C1B091B386B}.Release|Any CPU.ActiveCfg = Release|Any CPU
		{677AF468-D670-4C49-94B2-1C1B091B386B}.Release|Any CPU.Build.0 = Release|Any CPU
		{8228E1F1-1CE0-4A06-BEF6-1F9AA415EC9D}.Debug|Any CPU.ActiveCfg = Debug|Any CPU
		{8228E1F1-1CE0-4A06-BEF6-1F9AA415EC9D}.Debug|Any CPU.Build.0 = Debug|Any CPU
		{8228E1F1-1CE0-4A06-BEF6-1F9AA415EC9D}.Release|Any CPU.ActiveCfg = Release|Any CPU
		{8228E1F1-1CE0-4A06-BEF6-1F9AA415EC9D}.Release|Any CPU.Build.0 = Release|Any CPU
		{ED4EFF90-D080-4A76-9C5C-83C8F806D23E}.Debug|Any CPU.ActiveCfg = Debug|Any CPU
		{ED4EFF90-D080-4A76-9C5C-83C8F806D23E}.Debug|Any CPU.Build.0 = Debug|Any CPU
		{ED4EFF90-D080-4A76-9C5C-83C8F806D23E}.Release|Any CPU.ActiveCfg = Release|Any CPU
		{ED4EFF90-D080-4A76-9C5C-83C8F806D23E}.Release|Any CPU.Build.0 = Release|Any CPU
		{F93CEFAF-13FE-4269-BB25-B555E5144D48}.Debug|Any CPU.ActiveCfg = Debug|Any CPU
		{F93CEFAF-13FE-4269-BB25-B555E5144D48}.Debug|Any CPU.Build.0 = Debug|Any CPU
		{F93CEFAF-13FE-4269-BB25-B555E5144D48}.Release|Any CPU.ActiveCfg = Release|Any CPU
		{F93CEFAF-13FE-4269-BB25-B555E5144D48}.Release|Any CPU.Build.0 = Release|Any CPU
		{46177EAC-6351-499A-AEFC-5BC53F8F367D}.Debug|Any CPU.ActiveCfg = Debug|Any CPU
		{46177EAC-6351-499A-AEFC-5BC53F8F367D}.Debug|Any CPU.Build.0 = Debug|Any CPU
		{46177EAC-6351-499A-AEFC-5BC53F8F367D}.Release|Any CPU.ActiveCfg = Release|Any CPU
		{46177EAC-6351-499A-AEFC-5BC53F8F367D}.Release|Any CPU.Build.0 = Release|Any CPU
	EndGlobalSection
	GlobalSection(SolutionProperties) = preSolution
		HideSolutionNode = FALSE
	EndGlobalSection
	GlobalSection(NestedProjects) = preSolution
		{CDBFD87B-C241-4675-92A0-A7406E9C10D2} = {56523376-E029-4BED-925D-346ADF29362E}
		{5D055060-3FAB-4375-8833-C51454BE8273} = {56523376-E029-4BED-925D-346ADF29362E}
		{A7528589-E8BF-40FD-80FD-79E55D19EB4A} = {56523376-E029-4BED-925D-346ADF29362E}
		{677AF468-D670-4C49-94B2-1C1B091B386B} = {CDBFD87B-C241-4675-92A0-A7406E9C10D2}
		{8228E1F1-1CE0-4A06-BEF6-1F9AA415EC9D} = {CDBFD87B-C241-4675-92A0-A7406E9C10D2}
		{ED4EFF90-D080-4A76-9C5C-83C8F806D23E} = {5D055060-3FAB-4375-8833-C51454BE8273}
		{F93CEFAF-13FE-4269-BB25-B555E5144D48} = {A7528589-E8BF-40FD-80FD-79E55D19EB4A}
		{46177EAC-6351-499A-AEFC-5BC53F8F367D} = {A7528589-E8BF-40FD-80FD-79E55D19EB4A}
	EndGlobalSection
	GlobalSection(ExtensibilityGlobals) = postSolution
		SolutionGuid = {B48DA6B4-6ABA-4B0A-94E0-39AD905331A7}
	EndGlobalSection
EndGlobal
